
Microsoft Visual Studio Solution File, Format Version 12.00
# Visual Studio 15
VisualStudioVersion = 15.0.27004.2009
MinimumVisualStudioVersion = 10.0.40219.1
Project("{FAE04EC0-301F-11D3-BF4B-00C04F79EFBC}") = "ConsoleApp2", "ConsoleApp2\ConsoleApp2.csproj", "{1AAE7304-697F-4FCD-8DDF-5644EF075764}"
EndProject
Project("{FAE04EC0-301F-11D3-BF4B-00C04F79EFBC}") = "bezOtricChisla", "bezOtricChisla\bezOtricChisla.csproj", "{F07E5BF9-B444-4CDA-9B60-48981B1BA733}"
EndProject
Project("{FAE04EC0-301F-11D3-BF4B-00C04F79EFBC}") = "slivane", "slivane\slivane.csproj", "{62D2C67D-1133-48F1-83CD-0CDAC45C6305}"
EndProject
Project("{FAE04EC0-301F-11D3-BF4B-00C04F79EFBC}") = "kvadrati", "kvadrati\kvadrati.csproj", "{6FD06C85-D382-474C-8734-D50734388844}"
EndProject
Global
	GlobalSection(SolutionConfigurationPlatforms) = preSolution
		Debug|Any CPU = Debug|Any CPU
		Release|Any CPU = Release|Any CPU
	EndGlobalSection
	GlobalSection(ProjectConfigurationPlatforms) = postSolution
		{1AAE7304-697F-4FCD-8DDF-5644EF075764}.Debug|Any CPU.ActiveCfg = Debug|Any CPU
		{1AAE7304-697F-4FCD-8DDF-5644EF075764}.Debug|Any CPU.Build.0 = Debug|Any CPU
		{1AAE7304-697F-4FCD-8DDF-5644EF075764}.Release|Any CPU.ActiveCfg = Release|Any CPU
		{1AAE7304-697F-4FCD-8DDF-5644EF075764}.Release|Any CPU.Build.0 = Release|Any CPU
		{F07E5BF9-B444-4CDA-9B60-48981B1BA733}.Debug|Any CPU.ActiveCfg = Debug|Any CPU
		{F07E5BF9-B444-4CDA-9B60-48981B1BA733}.Debug|Any CPU.Build.0 = Debug|Any CPU
		{F07E5BF9-B444-4CDA-9B60-48981B1BA733}.Release|Any CPU.ActiveCfg = Release|Any CPU
		{F07E5BF9-B444-4CDA-9B60-48981B1BA733}.Release|Any CPU.Build.0 = Release|Any CPU
		{62D2C67D-1133-48F1-83CD-0CDAC45C6305}.Debug|Any CPU.ActiveCfg = Debug|Any CPU
		{62D2C67D-1133-48F1-83CD-0CDAC45C6305}.Debug|Any CPU.Build.0 = Debug|Any CPU
		{62D2C67D-1133-48F1-83CD-0CDAC45C6305}.Release|Any CPU.ActiveCfg = Release|Any CPU
		{62D2C67D-1133-48F1-83CD-0CDAC45C6305}.Release|Any CPU.Build.0 = Release|Any CPU
		{6FD06C85-D382-474C-8734-D50734388844}.Debug|Any CPU.ActiveCfg = Debug|Any CPU
		{6FD06C85-D382-474C-8734-D50734388844}.Debug|Any CPU.Build.0 = Debug|Any CPU
		{6FD06C85-D382-474C-8734-D50734388844}.Release|Any CPU.ActiveCfg = Release|Any CPU
		{6FD06C85-D382-474C-8734-D50734388844}.Release|Any CPU.Build.0 = Release|Any CPU
	EndGlobalSection
	GlobalSection(SolutionProperties) = preSolution
		HideSolutionNode = FALSE
	EndGlobalSection
	GlobalSection(ExtensibilityGlobals) = postSolution
		SolutionGuid = {97D32D5A-D99D-47D6-AF79-0B44B0A46DA0}
	EndGlobalSection
EndGlobal
